
Microsoft Visual Studio Solution File, Format Version 12.00
# Visual Studio Version 16
VisualStudioVersion = 16.0.30621.155
MinimumVisualStudioVersion = 10.0.40219.1
Project("{888888A0-9F3D-457C-B088-3A5042F75D52}") = "Fish_Vision", "Fish_Vision.pyproj", "{70746DF8-0D96-4127-B32C-4449ABB367ED}"
EndProject
Global
	GlobalSection(SolutionConfigurationPlatforms) = preSolution
		Debug|Any CPU = Debug|Any CPU
		Release|Any CPU = Release|Any CPU
	EndGlobalSection
	GlobalSection(ProjectConfigurationPlatforms) = postSolution
		{70746DF8-0D96-4127-B32C-4449ABB367ED}.Debug|Any CPU.ActiveCfg = Debug|Any CPU
		{70746DF8-0D96-4127-B32C-4449ABB367ED}.Release|Any CPU.ActiveCfg = Release|Any CPU
	EndGlobalSection
	GlobalSection(SolutionProperties) = preSolution
		HideSolutionNode = FALSE
	EndGlobalSection
	GlobalSection(ExtensibilityGlobals) = postSolution
		SolutionGuid = {47523B62-40F4-49FC-AA70-CA24302AB7D2}
	EndGlobalSection
EndGlobal
